{
  "name": "vue-manage-system",
  "version": "5.2.0",
  "lockfileVersion": 2,
  "requires": true,
  "packages": {
    "": {
      "name": "vue-manage-system",
      "version": "5.2.0",
      "dependencies": {
        "axios": "^0.21.1",
        "element-plus": "^1.0.2-beta.52",
        "md-editor-v3": "^2.2.0",
        "pinia": "^2.0.14",
        "vue": "^3.2.0",
        "vue-cropperjs": "^5.0.0",
        "vue-i18n": "^9.0.0",
        "vue-router": "^4.0.10",
        "vue-schart": "^2.0.0",
        "wangeditor": "^4.7.4"
      },
      "devDependencies": {
        "@vitejs/plugin-vue": "^1.2.3",
        "@vue/compiler-sfc": "^3.1.2",
        "vite": "2.3.7"
      }
    },
    "node_modules/@babel/parser": {
      "version": "7.18.8",
      "license": "MIT",
      "bin": {
        "parser": "bin/babel-parser.js"
      },
      "engines": {
        "node": ">=6.0.0"
      }
    },
    "node_modules/@babel/runtime": {
      "version": "7.18.6",
      "resolved": "https://registry.npmjs.org/@babel/runtime/-/runtime-7.18.6.tgz",
      "integrity": "sha512-t9wi7/AW6XtKahAe20Yw0/mMljKq0B1r2fPdvaAdV/KPDZewFXdaaa6K7lxmZBZ8FBNpCiAT6iHPmd6QO9bKfQ==",
      "dependencies": {
        "regenerator-runtime": "^0.13.4"
      },
      "engines": {
        "node": ">=6.9.0"
      }
    },
    "node_modules/@babel/runtime-corejs3": {
      "version": "7.18.6",
      "resolved": "https://registry.npmjs.org/@babel/runtime-corejs3/-/runtime-corejs3-7.18.6.tgz",
      "integrity": "sha512-cOu5wH2JFBgMjje+a+fz2JNIWU4GzYpl05oSob3UDvBEh6EuIn+TXFHMmBbhSb+k/4HMzgKCQfEEDArAWNF9Cw==",
      "dependencies": {
        "core-js-pure": "^3.20.2",
        "regenerator-runtime": "^0.13.4"
      },
      "engines": {
        "node": ">=6.9.0"
      }
    },
    "node_modules/@element-plus/icons": {
      "version": "0.0.11",
      "license": "MIT"
    },
    "node_modules/@intlify/core-base": {
      "version": "9.1.10",
      "license": "MIT",
      "dependencies": {
        "@intlify/devtools-if": "9.1.10",
        "@intlify/message-compiler": "9.1.10",
        "@intlify/message-resolver": "9.1.10",
        "@intlify/runtime": "9.1.10",
        "@intlify/shared": "9.1.10",
        "@intlify/vue-devtools": "9.1.10"
      },
      "engines": {
        "node": ">= 10"
      }
    },
    "node_modules/@intlify/devtools-if": {
      "version": "9.1.10",
      "license": "MIT",
      "dependencies": {
        "@intlify/shared": "9.1.10"
      },
      "engines": {
        "node": ">= 10"
      }
    },
    "node_modules/@intlify/message-compiler": {
      "version": "9.1.10",
      "license": "MIT",
      "dependencies": {
        "@intlify/message-resolver": "9.1.10",
        "@intlify/shared": "9.1.10",
        "source-map": "0.6.1"
      },
      "engines": {
        "node": ">= 10"
      }
    },
    "node_modules/@intlify/message-resolver": {
      "version": "9.1.10",
      "license": "MIT",
      "engines": {
        "node": ">= 10"
      }
    },
    "node_modules/@intlify/runtime": {
      "version": "9.1.10",
      "license": "MIT",
      "dependencies": {
        "@intlify/message-compiler": "9.1.10",
        "@intlify/message-resolver": "9.1.10",
        "@intlify/shared": "9.1.10"
      },
      "engines": {
        "node": ">= 10"
      }
    },
    "node_modules/@intlify/shared": {
      "version": "9.1.10",
      "license": "MIT",
      "engines": {
        "node": ">= 10"
      }
    },
    "node_modules/@intlify/vue-devtools": {
      "version": "9.1.10",
      "license": "MIT",
      "dependencies": {
        "@intlify/message-resolver": "9.1.10",
        "@intlify/runtime": "9.1.10",
        "@intlify/shared": "9.1.10"
      },
      "engines": {
        "node": ">= 10"
      }
    },
    "node_modules/@popperjs/core": {
      "version": "2.11.5",
      "license": "MIT",
      "funding": {
        "type": "opencollective",
        "url": "https://opencollective.com/popperjs"
      }
    },
    "node_modules/@types/marked": {
      "version": "4.0.3",
      "license": "MIT"
    },
    "node_modules/@vitejs/plugin-vue": {
      "version": "1.10.2",
      "dev": true,
      "license": "MIT",
      "engines": {
        "node": ">=12.0.0"
      },
      "peerDependencies": {
        "vite": "^2.5.10"
      }
    },
    "node_modules/@vue/compiler-core": {
      "version": "3.2.37",
      "license": "MIT",
      "dependencies": {
        "@babel/parser": "^7.16.4",
        "@vue/shared": "3.2.37",
        "estree-walker": "^2.0.2",
        "source-map": "^0.6.1"
      }
    },
    "node_modules/@vue/compiler-dom": {
      "version": "3.2.37",
      "license": "MIT",
      "dependencies": {
        "@vue/compiler-core": "3.2.37",
        "@vue/shared": "3.2.37"
      }
    },
    "node_modules/@vue/compiler-sfc": {
      "version": "3.2.37",
      "license": "MIT",
      "dependencies": {
        "@babel/parser": "^7.16.4",
        "@vue/compiler-core": "3.2.37",
        "@vue/compiler-dom": "3.2.37",
        "@vue/compiler-ssr": "3.2.37",
        "@vue/reactivity-transform": "3.2.37",
        "@vue/shared": "3.2.37",
        "estree-walker": "^2.0.2",
        "magic-string": "^0.25.7",
        "postcss": "^8.1.10",
        "source-map": "^0.6.1"
      }
    },
    "node_modules/@vue/compiler-ssr": {
      "version": "3.2.37",
      "license": "MIT",
      "dependencies": {
        "@vue/compiler-dom": "3.2.37",
        "@vue/shared": "3.2.37"
      }
    },
    "node_modules/@vue/devtools-api": {
      "version": "6.2.1",
      "license": "MIT"
    },
    "node_modules/@vue/reactivity": {
      "version": "3.2.37",
      "resolved": "https://registry.npmjs.org/@vue/reactivity/-/reactivity-3.2.37.tgz",
      "integrity": "sha512-/7WRafBOshOc6m3F7plwzPeCu/RCVv9uMpOwa/5PiY1Zz+WLVRWiy0MYKwmg19KBdGtFWsmZ4cD+LOdVPcs52A==",
      "dependencies": {
        "@vue/shared": "3.2.37"
      }
    },
    "node_modules/@vue/reactivity-transform": {
      "version": "3.2.37",
      "license": "MIT",
      "dependencies": {
        "@babel/parser": "^7.16.4",
        "@vue/compiler-core": "3.2.37",
        "@vue/shared": "3.2.37",
        "estree-walker": "^2.0.2",
        "magic-string": "^0.25.7"
      }
    },
    "node_modules/@vue/runtime-core": {
      "version": "3.2.37",
      "resolved": "https://registry.npmjs.org/@vue/runtime-core/-/runtime-core-3.2.37.tgz",
      "integrity": "sha512-JPcd9kFyEdXLl/i0ClS7lwgcs0QpUAWj+SKX2ZC3ANKi1U4DOtiEr6cRqFXsPwY5u1L9fAjkinIdB8Rz3FoYNQ==",
      "dependencies": {
        "@vue/reactivity": "3.2.37",
        "@vue/shared": "3.2.37"
      }
    },
    "node_modules/@vue/runtime-dom": {
      "version": "3.2.37",
      "resolved": "https://registry.npmjs.org/@vue/runtime-dom/-/runtime-dom-3.2.37.tgz",
      "integrity": "sha512-HimKdh9BepShW6YozwRKAYjYQWg9mQn63RGEiSswMbW+ssIht1MILYlVGkAGGQbkhSh31PCdoUcfiu4apXJoPw==",
      "dependencies": {
        "@vue/runtime-core": "3.2.37",
        "@vue/shared": "3.2.37",
        "csstype": "^2.6.8"
      }
    },
    "node_modules/@vue/server-renderer": {
      "version": "3.2.37",
      "resolved": "https://registry.npmjs.org/@vue/server-renderer/-/server-renderer-3.2.37.tgz",
      "integrity": "sha512-kLITEJvaYgZQ2h47hIzPh2K3jG8c1zCVbp/o/bzQOyvzaKiCquKS7AaioPI28GNxIsE/zSx+EwWYsNxDCX95MA==",
      "dependencies": {
        "@vue/compiler-ssr": "3.2.37",
        "@vue/shared": "3.2.37"
      },
      "peerDependencies": {
        "vue": "3.2.37"
      }
    },
    "node_modules/@vue/shared": {
      "version": "3.2.37",
      "license": "MIT"
    },
    "node_modules/async-validator": {
      "version": "3.5.2",
      "license": "MIT"
    },
    "node_modules/axios": {
      "version": "0.21.4",
      "license": "MIT",
      "dependencies": {
        "follow-redirects": "^1.14.0"
      }
    },
    "node_modules/core-js-pure": {
      "version": "3.23.4",
      "resolved": "https://registry.npmjs.org/core-js-pure/-/core-js-pure-3.23.4.tgz",
      "integrity": "sha512-lizxkcgj3XDmi7TUBFe+bQ1vNpD5E4t76BrBWI3HdUxdw/Mq1VF4CkiHzIKyieECKtcODK2asJttoofEeUKICQ==",
      "hasInstallScript": true,
      "funding": {
        "type": "opencollective",
        "url": "https://opencollective.com/core-js"
      }
    },
    "node_modules/cropperjs": {
      "version": "1.5.12",
      "license": "MIT"
    },
    "node_modules/csstype": {
      "version": "2.6.20",
      "resolved": "https://registry.npmjs.org/csstype/-/csstype-2.6.20.tgz",
      "integrity": "sha512-/WwNkdXfckNgw6S5R125rrW8ez139lBHWouiBvX8dfMFtcn6V81REDqnH7+CRpRipfYlyU1CmOnOxrmGcFOjeA=="
    },
    "node_modules/dayjs": {
      "version": "1.11.3",
      "license": "MIT"
    },
    "node_modules/element-plus": {
      "version": "1.0.2-beta.71",
      "license": "MIT",
      "workspaces": [
        "packages/*"
      ],
      "dependencies": {
        "@element-plus/icons": "^0.0.11",
        "@popperjs/core": "^2.4.4",
        "async-validator": "^3.4.0",
        "dayjs": "1.x",
        "lodash": "^4.17.20",
        "mitt": "^2.1.0",
        "normalize-wheel": "^1.0.1",
        "resize-observer-polyfill": "^1.5.1"
      },
      "peerDependencies": {
        "vue": "3.1.x"
      }
    },
    "node_modules/esbuild": {
      "version": "0.12.29",
      "dev": true,
      "hasInstallScript": true,
      "license": "MIT",
      "bin": {
        "esbuild": "bin/esbuild"
      }
    },
    "node_modules/estree-walker": {
      "version": "2.0.2",
      "license": "MIT"
    },
    "node_modules/follow-redirects": {
      "version": "1.15.1",
      "funding": [
        {
          "type": "individual",
          "url": "https://github.com/sponsors/RubenVerborgh"
        }
      ],
      "license": "MIT",
      "engines": {
        "node": ">=4.0"
      },
      "peerDependenciesMeta": {
        "debug": {
          "optional": true
        }
      }
    },
    "node_modules/function-bind": {
      "version": "1.1.1",
      "dev": true,
      "license": "MIT"
    },
    "node_modules/has": {
      "version": "1.0.3",
      "dev": true,
      "license": "MIT",
      "dependencies": {
        "function-bind": "^1.1.1"
      },
      "engines": {
        "node": ">= 0.4.0"
      }
    },
    "node_modules/is-core-module": {
      "version": "2.9.0",
      "dev": true,
      "license": "MIT",
      "dependencies": {
        "has": "^1.0.3"
      },
      "funding": {
        "url": "https://github.com/sponsors/ljharb"
      }
    },
    "node_modules/lodash": {
      "version": "4.17.21",
      "license": "MIT"
    },
    "node_modules/magic-string": {
      "version": "0.25.9",
      "license": "MIT",
      "dependencies": {
        "sourcemap-codec": "^1.4.8"
      }
    },
    "node_modules/md-editor-v3": {
      "version": "2.2.1",
      "license": "MIT",
      "dependencies": {
        "@types/marked": "^4.0.3"
      },
      "engines": {
        "node": ">=12.0.0"
      }
    },
    "node_modules/mitt": {
      "version": "2.1.0",
      "license": "MIT"
    },
    "node_modules/nanoid": {
      "version": "3.3.4",
      "license": "MIT",
      "bin": {
        "nanoid": "bin/nanoid.cjs"
      },
      "engines": {
        "node": "^10 || ^12 || ^13.7 || ^14 || >=15.0.1"
      }
    },
    "node_modules/normalize-wheel": {
      "version": "1.0.1",
      "license": "BSD-3-Clause"
    },
    "node_modules/path-parse": {
      "version": "1.0.7",
      "dev": true,
      "license": "MIT"
    },
    "node_modules/picocolors": {
      "version": "1.0.0",
      "license": "ISC"
    },
    "node_modules/pinia": {
      "version": "2.0.16",
      "license": "MIT",
      "dependencies": {
        "@vue/devtools-api": "^6.1.4",
        "vue-demi": "*"
      },
      "funding": {
        "url": "https://github.com/sponsors/posva"
      },
      "peerDependencies": {
        "@vue/composition-api": "^1.4.0",
        "typescript": ">=4.4.4",
        "vue": "^2.6.14 || ^3.2.0"
      },
      "peerDependenciesMeta": {
        "@vue/composition-api": {
          "optional": true
        },
        "typescript": {
          "optional": true
        }
      }
    },
    "node_modules/pinia/node_modules/vue-demi": {
      "version": "0.13.5",
      "hasInstallScript": true,
      "license": "MIT",
      "bin": {
        "vue-demi-fix": "bin/vue-demi-fix.js",
        "vue-demi-switch": "bin/vue-demi-switch.js"
      },
      "engines": {
        "node": ">=12"
      },
      "funding": {
        "url": "https://github.com/sponsors/antfu"
      },
      "peerDependencies": {
        "@vue/composition-api": "^1.0.0-rc.1",
        "vue": "^3.0.0-0 || ^2.6.0"
      },
      "peerDependenciesMeta": {
        "@vue/composition-api": {
          "optional": true
        }
      }
    },
    "node_modules/postcss": {
      "version": "8.4.14",
      "funding": [
        {
          "type": "opencollective",
          "url": "https://opencollective.com/postcss/"
        },
        {
          "type": "tidelift",
          "url": "https://tidelift.com/funding/github/npm/postcss"
        }
      ],
      "license": "MIT",
      "dependencies": {
        "nanoid": "^3.3.4",
        "picocolors": "^1.0.0",
        "source-map-js": "^1.0.2"
      },
      "engines": {
        "node": "^10 || ^12 || >=14"
      }
    },
    "node_modules/regenerator-runtime": {
      "version": "0.13.9",
      "resolved": "https://registry.npmjs.org/regenerator-runtime/-/regenerator-runtime-0.13.9.tgz",
      "integrity": "sha512-p3VT+cOEgxFsRRA9X4lkI1E+k2/CtnKtU4gcxyaCUreilL/vqI6CdZ3wxVUx3UOUg+gnUOQQcRI7BmSI656MYA=="
    },
    "node_modules/resize-observer-polyfill": {
      "version": "1.5.1",
      "license": "MIT"
    },
    "node_modules/resolve": {
      "version": "1.22.1",
      "dev": true,
      "license": "MIT",
      "dependencies": {
        "is-core-module": "^2.9.0",
        "path-parse": "^1.0.7",
        "supports-preserve-symlinks-flag": "^1.0.0"
      },
      "bin": {
        "resolve": "bin/resolve"
      },
      "funding": {
        "url": "https://github.com/sponsors/ljharb"
      }
    },
    "node_modules/rollup": {
      "version": "2.77.0",
      "dev": true,
      "license": "MIT",
      "bin": {
        "rollup": "dist/bin/rollup"
      },
      "engines": {
        "node": ">=10.0.0"
      },
      "optionalDependencies": {
        "fsevents": "~2.3.2"
      }
    },
    "node_modules/schart.js": {
      "version": "3.0.4",
      "license": "MIT"
    },
    "node_modules/source-map": {
      "version": "0.6.1",
      "license": "BSD-3-Clause",
      "engines": {
        "node": ">=0.10.0"
      }
    },
    "node_modules/source-map-js": {
      "version": "1.0.2",
      "license": "BSD-3-Clause",
      "engines": {
        "node": ">=0.10.0"
      }
    },
    "node_modules/sourcemap-codec": {
      "version": "1.4.8",
      "license": "MIT"
    },
    "node_modules/supports-preserve-symlinks-flag": {
      "version": "1.0.0",
      "dev": true,
      "license": "MIT",
      "engines": {
        "node": ">= 0.4"
      },
      "funding": {
        "url": "https://github.com/sponsors/ljharb"
      }
    },
    "node_modules/tslib": {
      "version": "2.4.0",
      "resolved": "https://registry.npmjs.org/tslib/-/tslib-2.4.0.tgz",
      "integrity": "sha512-d6xOpEDfsi2CZVlPQzGeux8XMwLT9hssAsaPYExaQMuYskwb+x1x7J371tWlbBdWHroy99KnVB6qIkUbs5X3UQ=="
    },
    "node_modules/vite": {
      "version": "2.3.7",
      "dev": true,
      "license": "MIT",
      "dependencies": {
        "esbuild": "^0.12.5",
        "postcss": "^8.3.0",
        "resolve": "^1.19.0",
        "rollup": "^2.38.5"
      },
      "bin": {
        "vite": "bin/vite.js"
      },
      "engines": {
        "node": ">=12.0.0"
      },
      "optionalDependencies": {
        "fsevents": "~2.3.1"
      }
    },
    "node_modules/vue": {
      "version": "3.2.37",
      "resolved": "https://registry.npmjs.org/vue/-/vue-3.2.37.tgz",
      "integrity": "sha512-bOKEZxrm8Eh+fveCqS1/NkG/n6aMidsI6hahas7pa0w/l7jkbssJVsRhVDs07IdDq7h9KHswZOgItnwJAgtVtQ==",
      "dependencies": {
        "@vue/compiler-dom": "3.2.37",
        "@vue/compiler-sfc": "3.2.37",
        "@vue/runtime-dom": "3.2.37",
        "@vue/server-renderer": "3.2.37",
        "@vue/shared": "3.2.37"
      }
    },
    "node_modules/vue-cropperjs": {
      "version": "5.0.0",
      "license": "MIT",
      "dependencies": {
        "cropperjs": "^1.5.6"
      },
      "peerDependencies": {
        "vue": ">=3.0.0"
      }
    },
    "node_modules/vue-i18n": {
      "version": "9.1.10",
      "license": "MIT",
      "dependencies": {
        "@intlify/core-base": "9.1.10",
        "@intlify/shared": "9.1.10",
        "@intlify/vue-devtools": "9.1.10",
        "@vue/devtools-api": "^6.0.0-beta.7"
      },
      "engines": {
        "node": ">= 10"
      },
      "peerDependencies": {
        "vue": "^3.0.0"
      }
    },
    "node_modules/vue-router": {
      "version": "4.1.2",
      "license": "MIT",
      "dependencies": {
        "@vue/devtools-api": "^6.1.4"
      },
      "funding": {
        "url": "https://github.com/sponsors/posva"
      },
      "peerDependencies": {
        "vue": "^3.2.0"
      }
    },
    "node_modules/vue-schart": {
      "version": "2.0.0",
      "license": "MIT",
      "dependencies": {
        "schart.js": "^3.0.0"
      }
    },
    "node_modules/wangeditor": {
      "version": "4.7.15",
      "resolved": "https://registry.npmjs.org/wangeditor/-/wangeditor-4.7.15.tgz",
      "integrity": "sha512-aPTdREd8BxXVyJ5MI+LU83FQ7u1EPd341iXIorRNYSOvoimNoZ4nPg+yn3FGbB93/owEa6buLw8wdhYnMCJQLg==",
      "dependencies": {
        "@babel/runtime": "^7.11.2",
        "@babel/runtime-corejs3": "^7.11.2",
        "tslib": "^2.1.0"
      }
    }
  },
  "dependencies": {
    "@babel/parser": {
      "version": "7.18.8"
    },
    "@babel/runtime": {
      "version": "7.18.6",
      "resolved": "https://registry.npmjs.org/@babel/runtime/-/runtime-7.18.6.tgz",
      "integrity": "sha512-t9wi7/AW6XtKahAe20Yw0/mMljKq0B1r2fPdvaAdV/KPDZewFXdaaa6K7lxmZBZ8FBNpCiAT6iHPmd6QO9bKfQ==",
      "requires": {
        "regenerator-runtime": "^0.13.4"
      }
    },
    "@babel/runtime-corejs3": {
      "version": "7.18.6",
      "resolved": "https://registry.npmjs.org/@babel/runtime-corejs3/-/runtime-corejs3-7.18.6.tgz",
      "integrity": "sha512-cOu5wH2JFBgMjje+a+fz2JNIWU4GzYpl05oSob3UDvBEh6EuIn+TXFHMmBbhSb+k/4HMzgKCQfEEDArAWNF9Cw==",
      "requires": {
        "core-js-pure": "^3.20.2",
        "regenerator-runtime": "^0.13.4"
      }
    },
    "@element-plus/icons": {
      "version": "0.0.11"
    },
    "@intlify/core-base": {
      "version": "9.1.10",
      "requires": {
        "@intlify/devtools-if": "9.1.10",
        "@intlify/message-compiler": "9.1.10",
        "@intlify/message-resolver": "9.1.10",
        "@intlify/runtime": "9.1.10",
        "@intlify/shared": "9.1.10",
        "@intlify/vue-devtools": "9.1.10"
      }
    },
    "@intlify/devtools-if": {
      "version": "9.1.10",
      "requires": {
        "@intlify/shared": "9.1.10"
      }
    },
    "@intlify/message-compiler": {
      "version": "9.1.10",
      "requires": {
        "@intlify/message-resolver": "9.1.10",
        "@intlify/shared": "9.1.10",
        "source-map": "0.6.1"
      }
    },
    "@intlify/message-resolver": {
      "version": "9.1.10"
    },
    "@intlify/runtime": {
      "version": "9.1.10",
      "requires": {
        "@intlify/message-compiler": "9.1.10",
        "@intlify/message-resolver": "9.1.10",
        "@intlify/shared": "9.1.10"
      }
    },
    "@intlify/shared": {
      "version": "9.1.10"
    },
    "@intlify/vue-devtools": {
      "version": "9.1.10",
      "requires": {
        "@intlify/message-resolver": "9.1.10",
        "@intlify/runtime": "9.1.10",
        "@intlify/shared": "9.1.10"
      }
    },
    "@popperjs/core": {
      "version": "2.11.5"
    },
    "@types/marked": {
      "version": "4.0.3"
    },
    "@vitejs/plugin-vue": {
      "version": "1.10.2",
      "dev": true,
      "requires": {}
    },
    "@vue/compiler-core": {
      "version": "3.2.37",
      "requires": {
        "@babel/parser": "^7.16.4",
        "@vue/shared": "3.2.37",
        "estree-walker": "^2.0.2",
        "source-map": "^0.6.1"
      }
    },
    "@vue/compiler-dom": {
      "version": "3.2.37",
      "requires": {
        "@vue/compiler-core": "3.2.37",
        "@vue/shared": "3.2.37"
      }
    },
    "@vue/compiler-sfc": {
      "version": "3.2.37",
      "requires": {
        "@babel/parser": "^7.16.4",
        "@vue/compiler-core": "3.2.37",
        "@vue/compiler-dom": "3.2.37",
        "@vue/compiler-ssr": "3.2.37",
        "@vue/reactivity-transform": "3.2.37",
        "@vue/shared": "3.2.37",
        "estree-walker": "^2.0.2",
        "magic-string": "^0.25.7",
        "postcss": "^8.1.10",
        "source-map": "^0.6.1"
      }
    },
    "@vue/compiler-ssr": {
      "version": "3.2.37",
      "requires": {
        "@vue/compiler-dom": "3.2.37",
        "@vue/shared": "3.2.37"
      }
    },
    "@vue/devtools-api": {
      "version": "6.2.1"
    },
    "@vue/reactivity": {
      "version": "3.2.37",
      "resolved": "https://registry.npmjs.org/@vue/reactivity/-/reactivity-3.2.37.tgz",
      "integrity": "sha512-/7WRafBOshOc6m3F7plwzPeCu/RCVv9uMpOwa/5PiY1Zz+WLVRWiy0MYKwmg19KBdGtFWsmZ4cD+LOdVPcs52A==",
      "requires": {
        "@vue/shared": "3.2.37"
      }
    },
    "@vue/reactivity-transform": {
      "version": "3.2.37",
      "requires": {
        "@babel/parser": "^7.16.4",
        "@vue/compiler-core": "3.2.37",
        "@vue/shared": "3.2.37",
        "estree-walker": "^2.0.2",
        "magic-string": "^0.25.7"
      }
    },
    "@vue/runtime-core": {
      "version": "3.2.37",
      "resolved": "https://registry.npmjs.org/@vue/runtime-core/-/runtime-core-3.2.37.tgz",
      "integrity": "sha512-JPcd9kFyEdXLl/i0ClS7lwgcs0QpUAWj+SKX2ZC3ANKi1U4DOtiEr6cRqFXsPwY5u1L9fAjkinIdB8Rz3FoYNQ==",
      "requires": {
        "@vue/reactivity": "3.2.37",
        "@vue/shared": "3.2.37"
      }
    },
    "@vue/runtime-dom": {
      "version": "3.2.37",
      "resolved": "https://registry.npmjs.org/@vue/runtime-dom/-/runtime-dom-3.2.37.tgz",
      "integrity": "sha512-HimKdh9BepShW6YozwRKAYjYQWg9mQn63RGEiSswMbW+ssIht1MILYlVGkAGGQbkhSh31PCdoUcfiu4apXJoPw==",
      "requires": {
        "@vue/runtime-core": "3.2.37",
        "@vue/shared": "3.2.37",
        "csstype": "^2.6.8"
      }
    },
    "@vue/server-renderer": {
      "version": "3.2.37",
      "resolved": "https://registry.npmjs.org/@vue/server-renderer/-/server-renderer-3.2.37.tgz",
      "integrity": "sha512-kLITEJvaYgZQ2h47hIzPh2K3jG8c1zCVbp/o/bzQOyvzaKiCquKS7AaioPI28GNxIsE/zSx+EwWYsNxDCX95MA==",
      "requires": {
        "@vue/compiler-ssr": "3.2.37",
        "@vue/shared": "3.2.37"
      }
    },
    "@vue/shared": {
      "version": "3.2.37"
    },
    "async-validator": {
      "version": "3.5.2"
    },
    "axios": {
      "version": "0.21.4",
      "requires": {
        "follow-redirects": "^1.14.0"
      }
    },
    "core-js-pure": {
      "version": "3.23.4",
      "resolved": "https://registry.npmjs.org/core-js-pure/-/core-js-pure-3.23.4.tgz",
      "integrity": "sha512-lizxkcgj3XDmi7TUBFe+bQ1vNpD5E4t76BrBWI3HdUxdw/Mq1VF4CkiHzIKyieECKtcODK2asJttoofEeUKICQ=="
    },
    "cropperjs": {
      "version": "1.5.12"
    },
    "csstype": {
      "version": "2.6.20",
      "resolved": "https://registry.npmjs.org/csstype/-/csstype-2.6.20.tgz",
      "integrity": "sha512-/WwNkdXfckNgw6S5R125rrW8ez139lBHWouiBvX8dfMFtcn6V81REDqnH7+CRpRipfYlyU1CmOnOxrmGcFOjeA=="
    },
    "dayjs": {
      "version": "1.11.3"
    },
    "element-plus": {
      "version": "1.0.2-beta.71",
      "requires": {
        "@element-plus/icons": "^0.0.11",
        "@popperjs/core": "^2.4.4",
        "async-validator": "^3.4.0",
        "dayjs": "1.x",
        "lodash": "^4.17.20",
        "mitt": "^2.1.0",
        "normalize-wheel": "^1.0.1",
        "resize-observer-polyfill": "^1.5.1"
      }
    },
    "esbuild": {
      "version": "0.12.29",
      "dev": true
    },
    "estree-walker": {
      "version": "2.0.2"
    },
    "follow-redirects": {
      "version": "1.15.1"
    },
    "function-bind": {
      "version": "1.1.1",
      "dev": true
    },
    "has": {
      "version": "1.0.3",
      "dev": true,
      "requires": {
        "function-bind": "^1.1.1"
      }
    },
    "is-core-module": {
      "version": "2.9.0",
      "dev": true,
      "requires": {
        "has": "^1.0.3"
      }
    },
    "lodash": {
      "version": "4.17.21"
    },
    "magic-string": {
      "version": "0.25.9",
      "requires": {
        "sourcemap-codec": "^1.4.8"
      }
    },
    "md-editor-v3": {
      "version": "2.2.1",
      "requires": {
        "@types/marked": "^4.0.3"
      }
    },
    "mitt": {
      "version": "2.1.0"
    },
    "nanoid": {
      "version": "3.3.4"
    },
    "normalize-wheel": {
      "version": "1.0.1"
    },
    "path-parse": {
      "version": "1.0.7",
      "dev": true
    },
    "picocolors": {
      "version": "1.0.0"
    },
    "pinia": {
      "version": "2.0.16",
      "requires": {
        "@vue/devtools-api": "^6.1.4",
        "vue-demi": "*"
      },
      "dependencies": {
        "vue-demi": {
          "version": "0.13.5",
          "requires": {}
        }
      }
    },
    "postcss": {
      "version": "8.4.14",
      "requires": {
        "nanoid": "^3.3.4",
        "picocolors": "^1.0.0",
        "source-map-js": "^1.0.2"
      }
    },
    "regenerator-runtime": {
      "version": "0.13.9",
      "resolved": "https://registry.npmjs.org/regenerator-runtime/-/regenerator-runtime-0.13.9.tgz",
      "integrity": "sha512-p3VT+cOEgxFsRRA9X4lkI1E+k2/CtnKtU4gcxyaCUreilL/vqI6CdZ3wxVUx3UOUg+gnUOQQcRI7BmSI656MYA=="
    },
    "resize-observer-polyfill": {
      "version": "1.5.1"
    },
    "resolve": {
      "version": "1.22.1",
      "dev": true,
      "requires": {
        "is-core-module": "^2.9.0",
        "path-parse": "^1.0.7",
        "supports-preserve-symlinks-flag": "^1.0.0"
      }
    },
    "rollup": {
      "version": "2.77.0",
      "dev": true,
      "requires": {
        "fsevents": "~2.3.2"
      }
    },
    "schart.js": {
      "version": "3.0.4"
    },
    "source-map": {
      "version": "0.6.1"
    },
    "source-map-js": {
      "version": "1.0.2"
    },
    "sourcemap-codec": {
      "version": "1.4.8"
    },
    "supports-preserve-symlinks-flag": {
      "version": "1.0.0",
      "dev": true
    },
    "tslib": {
      "version": "2.4.0",
      "resolved": "https://registry.npmjs.org/tslib/-/tslib-2.4.0.tgz",
      "integrity": "sha512-d6xOpEDfsi2CZVlPQzGeux8XMwLT9hssAsaPYExaQMuYskwb+x1x7J371tWlbBdWHroy99KnVB6qIkUbs5X3UQ=="
    },
    "vite": {
      "version": "2.3.7",
      "dev": true,
      "requires": {
        "esbuild": "^0.12.5",
        "fsevents": "~2.3.1",
        "postcss": "^8.3.0",
        "resolve": "^1.19.0",
        "rollup": "^2.38.5"
      }
    },
    "vue": {
      "version": "3.2.37",
      "resolved": "https://registry.npmjs.org/vue/-/vue-3.2.37.tgz",
      "integrity": "sha512-bOKEZxrm8Eh+fveCqS1/NkG/n6aMidsI6hahas7pa0w/l7jkbssJVsRhVDs07IdDq7h9KHswZOgItnwJAgtVtQ==",
      "requires": {
        "@vue/compiler-dom": "3.2.37",
        "@vue/compiler-sfc": "3.2.37",
        "@vue/runtime-dom": "3.2.37",
        "@vue/server-renderer": "3.2.37",
        "@vue/shared": "3.2.37"
      }
    },
    "vue-cropperjs": {
      "version": "5.0.0",
      "requires": {
        "cropperjs": "^1.5.6"
      }
    },
    "vue-i18n": {
      "version": "9.1.10",
      "requires": {
        "@intlify/core-base": "9.1.10",
        "@intlify/shared": "9.1.10",
        "@intlify/vue-devtools": "9.1.10",
        "@vue/devtools-api": "^6.0.0-beta.7"
      }
    },
    "vue-router": {
      "version": "4.1.2",
      "requires": {
        "@vue/devtools-api": "^6.1.4"
      }
    },
    "vue-schart": {
      "version": "2.0.0",
      "requires": {
        "schart.js": "^3.0.0"
      }
    },
    "wangeditor": {
      "version": "4.7.15",
      "resolved": "https://registry.npmjs.org/wangeditor/-/wangeditor-4.7.15.tgz",
      "integrity": "sha512-aPTdREd8BxXVyJ5MI+LU83FQ7u1EPd341iXIorRNYSOvoimNoZ4nPg+yn3FGbB93/owEa6buLw8wdhYnMCJQLg==",
      "requires": {
        "@babel/runtime": "^7.11.2",
        "@babel/runtime-corejs3": "^7.11.2",
        "tslib": "^2.1.0"
      }
    }
  }
}
